
Microsoft Visual Studio Solution File, Format Version 12.00
# Visual Studio Version 16
VisualStudioVersion = 16.0.29806.167
MinimumVisualStudioVersion = 10.0.40219.1
Project("{8BC9CEB8-8B4A-11D0-8D11-00A0C91BC942}") = "drg-SemesterProject", "drg-SemesterProject.vcxproj", "{2839F4F1-D074-417A-93B9-E208FFAA023C}"
EndProject
Global
	GlobalSection(SolutionConfigurationPlatforms) = preSolution
		Debug|x64 = Debug|x64
		Debug|x86 = Debug|x86
		Release|x64 = Release|x64
		Release|x86 = Release|x86
	EndGlobalSection
	GlobalSection(ProjectConfigurationPlatforms) = postSolution
		{2839F4F1-D074-417A-93B9-E208FFAA023C}.Debug|x64.ActiveCfg = Debug|x64
		{2839F4F1-D074-417A-93B9-E208FFAA023C}.Debug|x64.Build.0 = Debug|x64
		{2839F4F1-D074-417A-93B9-E208FFAA023C}.Debug|x86.ActiveCfg = Debug|Win32
		{2839F4F1-D074-417A-93B9-E208FFAA023C}.Debug|x86.Build.0 = Debug|Win32
		{2839F4F1-D074-417A-93B9-E208FFAA023C}.Release|x64.ActiveCfg = Release|x64
		{2839F4F1-D074-417A-93B9-E208FFAA023C}.Release|x64.Build.0 = Release|x64
		{2839F4F1-D074-417A-93B9-E208FFAA023C}.Release|x86.ActiveCfg = Release|Win32
		{2839F4F1-D074-417A-93B9-E208FFAA023C}.Release|x86.Build.0 = Release|Win32
	EndGlobalSection
	GlobalSection(SolutionProperties) = preSolution
		HideSolutionNode = FALSE
	EndGlobalSection
	GlobalSection(ExtensibilityGlobals) = postSolution
		SolutionGuid = {23488C7C-7DE1-482A-AF3F-E6D5E401CA90}
	EndGlobalSection
EndGlobal
